// !$*UTF8*$!
{
	archiveVersion = 1;
	classes = {
	};
	objectVersion = 46;
	objects = {

/* Begin PBXBuildFile section */
		850E843519E19CAA00F4CBFF /* main.m in Sources */ = {isa = PBXBuildFile; fileRef = 850E843419E19CAA00F4CBFF /* main.m */; };
		850E843819E19CAA00F4CBFF /* AppDelegate.m in Sources */ = {isa = PBXBuildFile; fileRef = 850E843719E19CAA00F4CBFF /* AppDelegate.m */; };
		850E843B19E19CAA00F4CBFF /* HMViewController.m in Sources */ = {isa = PBXBuildFile; fileRef = 850E843A19E19CAA00F4CBFF /* HMViewController.m */; };
		850E844019E19CAA00F4CBFF /* Images.xcassets in Resources */ = {isa = PBXBuildFile; fileRef = 850E843F19E19CAA00F4CBFF /* Images.xcassets */; };
		850E844319E19CAA00F4CBFF /* LaunchScreen.xib in Resources */ = {isa = PBXBuildFile; fileRef = 850E844119E19CAA00F4CBFF /* LaunchScreen.xib */; };
		850E844F19E19CAA00F4CBFF /* HangmanTests.m in Sources */ = {isa = PBXBuildFile; fileRef = 850E844E19E19CAA00F4CBFF /* HangmanTests.m */; };
		850E845919E19D7200F4CBFF /* HMViewController.xib in Resources */ = {isa = PBXBuildFile; fileRef = 850E845819E19D7200F4CBFF /* HMViewController.xib */; };
		850E845D19E2205300F4CBFF /* HMStartupViewController.m in Sources */ = {isa = PBXBuildFile; fileRef = 850E845B19E2205300F4CBFF /* HMStartupViewController.m */; };
		850E845E19E2205300F4CBFF /* HMStartupViewController.xib in Resources */ = {isa = PBXBuildFile; fileRef = 850E845C19E2205300F4CBFF /* HMStartupViewController.xib */; };
		850E846219E2230400F4CBFF /* HMMainViewController.m in Sources */ = {isa = PBXBuildFile; fileRef = 850E846019E2230400F4CBFF /* HMMainViewController.m */; };
		850E846319E2230400F4CBFF /* HMMainViewController.xib in Resources */ = {isa = PBXBuildFile; fileRef = 850E846119E2230400F4CBFF /* HMMainViewController.xib */; };
		850E846719E2231300F4CBFF /* HMScoreViewController.m in Sources */ = {isa = PBXBuildFile; fileRef = 850E846519E2231300F4CBFF /* HMScoreViewController.m */; };
		850E846819E2231300F4CBFF /* HMScoreViewController.xib in Resources */ = {isa = PBXBuildFile; fileRef = 850E846619E2231300F4CBFF /* HMScoreViewController.xib */; };
		850E846E19E2928900F4CBFF /* HMStaticData.m in Sources */ = {isa = PBXBuildFile; fileRef = 850E846D19E2928900F4CBFF /* HMStaticData.m */; };
		850E847419E29E1300F4CBFF /* QuartzCore.framework in Frameworks */ = {isa = PBXBuildFile; fileRef = 850E847319E29E1300F4CBFF /* QuartzCore.framework */; };
		850E847819E29F9100F4CBFF /* UIView+Toast.m in Sources */ = {isa = PBXBuildFile; fileRef = 850E847719E29F9100F4CBFF /* UIView+Toast.m */; };
		855BEAC319ED4B66009CE243 /* HMHangmanView.m in Sources */ = {isa = PBXBuildFile; fileRef = 855BEAC219ED4B66009CE243 /* HMHangmanView.m */; };
/* End PBXBuildFile section */

/* Begin PBXContainerItemProxy section */
		850E844919E19CAA00F4CBFF /* PBXContainerItemProxy */ = {
			isa = PBXContainerItemProxy;
			containerPortal = 850E842719E19CAA00F4CBFF /* Project object */;
			proxyType = 1;
			remoteGlobalIDString = 850E842E19E19CAA00F4CBFF;
			remoteInfo = Hangman;
		};
/* End PBXContainerItemProxy section */

/* Begin PBXFileReference section */
		850E842F19E19CAA00F4CBFF /* Hangman.app */ = {isa = PBXFileReference; explicitFileType = wrapper.application; includeInIndex = 0; path = Hangman.app; sourceTree = BUILT_PRODUCTS_DIR; };
		850E843319E19CAA00F4CBFF /* Info.plist */ = {isa = PBXFileReference; lastKnownFileType = text.plist.xml; path = Info.plist; sourceTree = "<group>"; };
		850E843419E19CAA00F4CBFF /* main.m */ = {isa = PBXFileReference; lastKnownFileType = sourcecode.c.objc; path = main.m; sourceTree = "<group>"; };
		850E843619E19CAA00F4CBFF /* AppDelegate.h */ = {isa = PBXFileReference; lastKnownFileType = sourcecode.c.h; path = AppDelegate.h; sourceTree = "<group>"; };
		850E843719E19CAA00F4CBFF /* AppDelegate.m */ = {isa = PBXFileReference; lastKnownFileType = sourcecode.c.objc; path = AppDelegate.m; sourceTree = "<group>"; };
		850E843919E19CAA00F4CBFF /* HMViewController.h */ = {isa = PBXFileReference; lastKnownFileType = sourcecode.c.h; path = HMViewController.h; sourceTree = "<group>"; };
		850E843A19E19CAA00F4CBFF /* HMViewController.m */ = {isa = PBXFileReference; lastKnownFileType = sourcecode.c.objc; path = HMViewController.m; sourceTree = "<group>"; };
		850E843F19E19CAA00F4CBFF /* Images.xcassets */ = {isa = PBXFileReference; lastKnownFileType = folder.assetcatalog; path = Images.xcassets; sourceTree = "<group>"; };
		850E844219E19CAA00F4CBFF /* Base */ = {isa = PBXFileReference; lastKnownFileType = file.xib; name = Base; path = Base.lproj/LaunchScreen.xib; sourceTree = "<group>"; };
		850E844819E19CAA00F4CBFF /* HangmanTests.xctest */ = {isa = PBXFileReference; explicitFileType = wrapper.cfbundle; includeInIndex = 0; path = HangmanTests.xctest; sourceTree = BUILT_PRODUCTS_DIR; };
		850E844D19E19CAA00F4CBFF /* Info.plist */ = {isa = PBXFileReference; lastKnownFileType = text.plist.xml; path = Info.plist; sourceTree = "<group>"; };
		850E844E19E19CAA00F4CBFF /* HangmanTests.m */ = {isa = PBXFileReference; lastKnownFileType = sourcecode.c.objc; path = HangmanTests.m; sourceTree = "<group>"; };
		850E845819E19D7200F4CBFF /* HMViewController.xib */ = {isa = PBXFileReference; fileEncoding = 4; lastKnownFileType = file.xib; path = HMViewController.xib; sourceTree = "<group>"; };
		850E845A19E2205300F4CBFF /* HMStartupViewController.h */ = {isa = PBXFileReference; fileEncoding = 4; lastKnownFileType = sourcecode.c.h; path = HMStartupViewController.h; sourceTree = "<group>"; };
		850E845B19E2205300F4CBFF /* HMStartupViewController.m */ = {isa = PBXFileReference; fileEncoding = 4; lastKnownFileType = sourcecode.c.objc; path = HMStartupViewController.m; sourceTree = "<group>"; };
		850E845C19E2205300F4CBFF /* HMStartupViewController.xib */ = {isa = PBXFileReference; fileEncoding = 4; lastKnownFileType = file.xib; path = HMStartupViewController.xib; sourceTree = "<group>"; };
		850E845F19E2230400F4CBFF /* HMMainViewController.h */ = {isa = PBXFileReference; fileEncoding = 4; lastKnownFileType = sourcecode.c.h; path = HMMainViewController.h; sourceTree = "<group>"; };
		850E846019E2230400F4CBFF /* HMMainViewController.m */ = {isa = PBXFileReference; fileEncoding = 4; lastKnownFileType = sourcecode.c.objc; path = HMMainViewController.m; sourceTree = "<group>"; };
		850E846119E2230400F4CBFF /* HMMainViewController.xib */ = {isa = PBXFileReference; fileEncoding = 4; lastKnownFileType = file.xib; path = HMMainViewController.xib; sourceTree = "<group>"; };
		850E846419E2231300F4CBFF /* HMScoreViewController.h */ = {isa = PBXFileReference; fileEncoding = 4; lastKnownFileType = sourcecode.c.h; path = HMScoreViewController.h; sourceTree = "<group>"; };
		850E846519E2231300F4CBFF /* HMScoreViewController.m */ = {isa = PBXFileReference; fileEncoding = 4; lastKnownFileType = sourcecode.c.objc; path = HMScoreViewController.m; sourceTree = "<group>"; };
		850E846619E2231300F4CBFF /* HMScoreViewController.xib */ = {isa = PBXFileReference; fileEncoding = 4; lastKnownFileType = file.xib; path = HMScoreViewController.xib; sourceTree = "<group>"; };
		850E846C19E2928900F4CBFF /* HMStaticData.h */ = {isa = PBXFileReference; fileEncoding = 4; lastKnownFileType = sourcecode.c.h; path = HMStaticData.h; sourceTree = "<group>"; };
		850E846D19E2928900F4CBFF /* HMStaticData.m */ = {isa = PBXFileReference; fileEncoding = 4; lastKnownFileType = sourcecode.c.objc; path = HMStaticData.m; sourceTree = "<group>"; };
		850E847319E29E1300F4CBFF /* QuartzCore.framework */ = {isa = PBXFileReference; lastKnownFileType = wrapper.framework; name = QuartzCore.framework; path = System/Library/Frameworks/QuartzCore.framework; sourceTree = SDKROOT; };
		850E847619E29F9100F4CBFF /* UIView+Toast.h */ = {isa = PBXFileReference; fileEncoding = 4; lastKnownFileType = sourcecode.c.h; path = "UIView+Toast.h"; sourceTree = "<group>"; };
		850E847719E29F9100F4CBFF /* UIView+Toast.m */ = {isa = PBXFileReference; fileEncoding = 4; lastKnownFileType = sourcecode.c.objc; path = "UIView+Toast.m"; sourceTree = "<group>"; };
		855BEAC119ED4B66009CE243 /* HMHangmanView.h */ = {isa = PBXFileReference; fileEncoding = 4; lastKnownFileType = sourcecode.c.h; path = HMHangmanView.h; sourceTree = "<group>"; };
		855BEAC219ED4B66009CE243 /* HMHangmanView.m */ = {isa = PBXFileReference; fileEncoding = 4; lastKnownFileType = sourcecode.c.objc; path = HMHangmanView.m; sourceTree = "<group>"; };
/* End PBXFileReference section */

/* Begin PBXFrameworksBuildPhase section */
		850E842C19E19CAA00F4CBFF /* Frameworks */ = {
			isa = PBXFrameworksBuildPhase;
			buildActionMask = 2147483647;
			files = (
				850E847419E29E1300F4CBFF /* QuartzCore.framework in Frameworks */,
			);
			runOnlyForDeploymentPostprocessing = 0;
		};
		850E844519E19CAA00F4CBFF /* Frameworks */ = {
			isa = PBXFrameworksBuildPhase;
			buildActionMask = 2147483647;
			files = (
			);
			runOnlyForDeploymentPostprocessing = 0;
		};
/* End PBXFrameworksBuildPhase section */

/* Begin PBXGroup section */
		850E842619E19CAA00F4CBFF = {
			isa = PBXGroup;
			children = (
				850E847319E29E1300F4CBFF /* QuartzCore.framework */,
				850E843119E19CAA00F4CBFF /* Hangman */,
				850E844B19E19CAA00F4CBFF /* HangmanTests */,
				850E843019E19CAA00F4CBFF /* Products */,
			);
			sourceTree = "<group>";
		};
		850E843019E19CAA00F4CBFF /* Products */ = {
			isa = PBXGroup;
			children = (
				850E842F19E19CAA00F4CBFF /* Hangman.app */,
				850E844819E19CAA00F4CBFF /* HangmanTests.xctest */,
			);
			name = Products;
			sourceTree = "<group>";
		};
		850E843119E19CAA00F4CBFF /* Hangman */ = {
			isa = PBXGroup;
			children = (
				850E843619E19CAA00F4CBFF /* AppDelegate.h */,
				850E843719E19CAA00F4CBFF /* AppDelegate.m */,
				850E843919E19CAA00F4CBFF /* HMViewController.h */,
				850E843A19E19CAA00F4CBFF /* HMViewController.m */,
				850E845819E19D7200F4CBFF /* HMViewController.xib */,
				850E846C19E2928900F4CBFF /* HMStaticData.h */,
				850E846D19E2928900F4CBFF /* HMStaticData.m */,
				850E847519E29F9100F4CBFF /* Toast */,
				850E846919E225BB00F4CBFF /* Startup */,
				850E846A19E225C500F4CBFF /* Main */,
				850E846B19E225D200F4CBFF /* Score */,
				850E843F19E19CAA00F4CBFF /* Images.xcassets */,
				850E844119E19CAA00F4CBFF /* LaunchScreen.xib */,
				850E843219E19CAA00F4CBFF /* Supporting Files */,
			);
			path = Hangman;
			sourceTree = "<group>";
		};
		850E843219E19CAA00F4CBFF /* Supporting Files */ = {
			isa = PBXGroup;
			children = (
				850E843319E19CAA00F4CBFF /* Info.plist */,
				850E843419E19CAA00F4CBFF /* main.m */,
			);
			name = "Supporting Files";
			sourceTree = "<group>";
		};
		850E844B19E19CAA00F4CBFF /* HangmanTests */ = {
			isa = PBXGroup;
			children = (
				850E844E19E19CAA00F4CBFF /* HangmanTests.m */,
				850E844C19E19CAA00F4CBFF /* Supporting Files */,
			);
			path = HangmanTests;
			sourceTree = "<group>";
		};
		850E844C19E19CAA00F4CBFF /* Supporting Files */ = {
			isa = PBXGroup;
			children = (
				850E844D19E19CAA00F4CBFF /* Info.plist */,
			);
			name = "Supporting Files";
			sourceTree = "<group>";
		};
		850E846919E225BB00F4CBFF /* Startup */ = {
			isa = PBXGroup;
			children = (
				850E845A19E2205300F4CBFF /* HMStartupViewController.h */,
				850E845B19E2205300F4CBFF /* HMStartupViewController.m */,
				850E845C19E2205300F4CBFF /* HMStartupViewController.xib */,
			);
			name = Startup;
			sourceTree = "<group>";
		};
		850E846A19E225C500F4CBFF /* Main */ = {
			isa = PBXGroup;
			children = (
				850E845F19E2230400F4CBFF /* HMMainViewController.h */,
				850E846019E2230400F4CBFF /* HMMainViewController.m */,
				850E846119E2230400F4CBFF /* HMMainViewController.xib */,
				855BEAC119ED4B66009CE243 /* HMHangmanView.h */,
				855BEAC219ED4B66009CE243 /* HMHangmanView.m */,
			);
			name = Main;
			sourceTree = "<group>";
		};
		850E846B19E225D200F4CBFF /* Score */ = {
			isa = PBXGroup;
			children = (
				850E846419E2231300F4CBFF /* HMScoreViewController.h */,
				850E846519E2231300F4CBFF /* HMScoreViewController.m */,
				850E846619E2231300F4CBFF /* HMScoreViewController.xib */,
			);
			name = Score;
			sourceTree = "<group>";
		};
		850E847519E29F9100F4CBFF /* Toast */ = {
			isa = PBXGroup;
			children = (
				850E847619E29F9100F4CBFF /* UIView+Toast.h */,
				850E847719E29F9100F4CBFF /* UIView+Toast.m */,
			);
			path = Toast;
			sourceTree = "<group>";
		};
/* End PBXGroup section */

/* Begin PBXNativeTarget section */
		850E842E19E19CAA00F4CBFF /* Hangman */ = {
			isa = PBXNativeTarget;
			buildConfigurationList = 850E845219E19CAA00F4CBFF /* Build configuration list for PBXNativeTarget "Hangman" */;
			buildPhases = (
				850E842B19E19CAA00F4CBFF /* Sources */,
				850E842C19E19CAA00F4CBFF /* Frameworks */,
				850E842D19E19CAA00F4CBFF /* Resources */,
			);
			buildRules = (
			);
			dependencies = (
			);
			name = Hangman;
			productName = Hangman;
			productReference = 850E842F19E19CAA00F4CBFF /* Hangman.app */;
			productType = "com.apple.product-type.application";
		};
		850E844719E19CAA00F4CBFF /* HangmanTests */ = {
			isa = PBXNativeTarget;
			buildConfigurationList = 850E845519E19CAA00F4CBFF /* Build configuration list for PBXNativeTarget "HangmanTests" */;
			buildPhases = (
				850E844419E19CAA00F4CBFF /* Sources */,
				850E844519E19CAA00F4CBFF /* Frameworks */,
				850E844619E19CAA00F4CBFF /* Resources */,
			);
			buildRules = (
			);
			dependencies = (
				850E844A19E19CAA00F4CBFF /* PBXTargetDependency */,
			);
			name = HangmanTests;
			productName = HangmanTests;
			productReference = 850E844819E19CAA00F4CBFF /* HangmanTests.xctest */;
			productType = "com.apple.product-type.bundle.unit-test";
		};
/* End PBXNativeTarget section */

/* Begin PBXProject section */
		850E842719E19CAA00F4CBFF /* Project object */ = {
			isa = PBXProject;
			attributes = {
				LastUpgradeCheck = 0600;
				ORGANIZATIONNAME = Strikingly;
				TargetAttributes = {
					850E842E19E19CAA00F4CBFF = {
						CreatedOnToolsVersion = 6.0.1;
						DevelopmentTeam = XC9998TMAC;
					};
					850E844719E19CAA00F4CBFF = {
						CreatedOnToolsVersion = 6.0.1;
						TestTargetID = 850E842E19E19CAA00F4CBFF;
					};
				};
			};
			buildConfigurationList = 850E842A19E19CAA00F4CBFF /* Build configuration list for PBXProject "Hangman" */;
			compatibilityVersion = "Xcode 3.2";
			developmentRegion = English;
			hasScannedForEncodings = 0;
			knownRegions = (
				en,
				Base,
			);
			mainGroup = 850E842619E19CAA00F4CBFF;
			productRefGroup = 850E843019E19CAA00F4CBFF /* Products */;
			projectDirPath = "";
			projectRoot = "";
			targets = (
				850E842E19E19CAA00F4CBFF /* Hangman */,
				850E844719E19CAA00F4CBFF /* HangmanTests */,
			);
		};
/* End PBXProject section */

/* Begin PBXResourcesBuildPhase section */
		850E842D19E19CAA00F4CBFF /* Resources */ = {
			isa = PBXResourcesBuildPhase;
			buildActionMask = 2147483647;
			files = (
				850E844319E19CAA00F4CBFF /* LaunchScreen.xib in Resources */,
				850E844019E19CAA00F4CBFF /* Images.xcassets in Resources */,
				850E846819E2231300F4CBFF /* HMScoreViewController.xib in Resources */,
				850E845919E19D7200F4CBFF /* HMViewController.xib in Resources */,
				850E846319E2230400F4CBFF /* HMMainViewController.xib in Resources */,
				850E845E19E2205300F4CBFF /* HMStartupViewController.xib in Resources */,
			);
			runOnlyForDeploymentPostprocessing = 0;
		};
		850E844619E19CAA00F4CBFF /* Resources */ = {
			isa = PBXResourcesBuildPhase;
			buildActionMask = 2147483647;
			files = (
			);
			runOnlyForDeploymentPostprocessing = 0;
		};
/* End PBXResourcesBuildPhase section */

/* Begin PBXSourcesBuildPhase section */
		850E842B19E19CAA00F4CBFF /* Sources */ = {
			isa = PBXSourcesBuildPhase;
			buildActionMask = 2147483647;
			files = (
				850E847819E29F9100F4CBFF /* UIView+Toast.m in Sources */,
				855BEAC319ED4B66009CE243 /* HMHangmanView.m in Sources */,
				850E846E19E2928900F4CBFF /* HMStaticData.m in Sources */,
				850E846719E2231300F4CBFF /* HMScoreViewController.m in Sources */,
				850E843B19E19CAA00F4CBFF /* HMViewController.m in Sources */,
				850E843819E19CAA00F4CBFF /* AppDelegate.m in Sources */,
				850E843519E19CAA00F4CBFF /* main.m in Sources */,
				850E845D19E2205300F4CBFF /* HMStartupViewController.m in Sources */,
				850E846219E2230400F4CBFF /* HMMainViewController.m in Sources */,
			);
			runOnlyForDeploymentPostprocessing = 0;
		};
		850E844419E19CAA00F4CBFF /* Sources */ = {
			isa = PBXSourcesBuildPhase;
			buildActionMask = 2147483647;
			files = (
				850E844F19E19CAA00F4CBFF /* HangmanTests.m in Sources */,
			);
			runOnlyForDeploymentPostprocessing = 0;
		};
/* End PBXSourcesBuildPhase section */

/* Begin PBXTargetDependency section */
		850E844A19E19CAA00F4CBFF /* PBXTargetDependency */ = {
			isa = PBXTargetDependency;
			target = 850E842E19E19CAA00F4CBFF /* Hangman */;
			targetProxy = 850E844919E19CAA00F4CBFF /* PBXContainerItemProxy */;
		};
/* End PBXTargetDependency section */

/* Begin PBXVariantGroup section */
		850E844119E19CAA00F4CBFF /* LaunchScreen.xib */ = {
			isa = PBXVariantGroup;
			children = (
				850E844219E19CAA00F4CBFF /* Base */,
			);
			name = LaunchScreen.xib;
			sourceTree = "<group>";
		};
/* End PBXVariantGroup section */

/* Begin XCBuildConfiguration section */
		850E845019E19CAA00F4CBFF /* Debug */ = {
			isa = XCBuildConfiguration;
			buildSettings = {
				ALWAYS_SEARCH_USER_PATHS = NO;
				CLANG_CXX_LANGUAGE_STANDARD = "gnu++0x";
				CLANG_CXX_LIBRARY = "libc++";
				CLANG_ENABLE_MODULES = YES;
				CLANG_ENABLE_OBJC_ARC = YES;
				CLANG_WARN_BOOL_CONVERSION = YES;
				CLANG_WARN_CONSTANT_CONVERSION = YES;
				CLANG_WARN_DIRECT_OBJC_ISA_USAGE = YES_ERROR;
				CLANG_WARN_EMPTY_BODY = YES;
				CLANG_WARN_ENUM_CONVERSION = YES;
				CLANG_WARN_INT_CONVERSION = YES;
				CLANG_WARN_OBJC_ROOT_CLASS = YES_ERROR;
				CLANG_WARN_UNREACHABLE_CODE = YES;
				CLANG_WARN__DUPLICATE_METHOD_MATCH = YES;
				"CODE_SIGN_IDENTITY[sdk=iphoneos*]" = "iPhone Developer";
				COPY_PHASE_STRIP = NO;
				ENABLE_STRICT_OBJC_MSGSEND = YES;
				GCC_C_LANGUAGE_STANDARD = gnu99;
				GCC_DYNAMIC_NO_PIC = NO;
				GCC_OPTIMIZATION_LEVEL = 0;
				GCC_PREPROCESSOR_DEFINITIONS = (
					"DEBUG=1",
					"$(inherited)",
				);
				GCC_SYMBOLS_PRIVATE_EXTERN = NO;
				GCC_WARN_64_TO_32_BIT_CONVERSION = YES;
				GCC_WARN_ABOUT_RETURN_TYPE = YES_ERROR;
				GCC_WARN_UNDECLARED_SELECTOR = YES;
				GCC_WARN_UNINITIALIZED_AUTOS = YES_AGGRESSIVE;
				GCC_WARN_UNUSED_FUNCTION = YES;
				GCC_WARN_UNUSED_VARIABLE = YES;
				IPHONEOS_DEPLOYMENT_TARGET = 8.0;
				MTL_ENABLE_DEBUG_INFO = YES;
				ONLY_ACTIVE_ARCH = YES;
				SDKROOT = iphoneos;
			};
			name = Debug;
		};
		850E845119E19CAA00F4CBFF /* Release */ = {
			isa = XCBuildConfiguration;
			buildSettings = {
				ALWAYS_SEARCH_USER_PATHS = NO;
				CLANG_CXX_LANGUAGE_STANDARD = "gnu++0x";
				CLANG_CXX_LIBRARY = "libc++";
				CLANG_ENABLE_MODULES = YES;
				CLANG_ENABLE_OBJC_ARC = YES;
				CLANG_WARN_BOOL_CONVERSION = YES;
				CLANG_WARN_CONSTANT_CONVERSION = YES;
				CLANG_WARN_DIRECT_OBJC_ISA_USAGE = YES_ERROR;
				CLANG_WARN_EMPTY_BODY = YES;
				CLANG_WARN_ENUM_CONVERSION = YES;
				CLANG_WARN_INT_CONVERSION = YES;
				CLANG_WARN_OBJC_ROOT_CLASS = YES_ERROR;
				CLANG_WARN_UNREACHABLE_CODE = YES;
				CLANG_WARN__DUPLICATE_METHOD_MATCH = YES;
				"CODE_SIGN_IDENTITY[sdk=iphoneos*]" = "iPhone Developer";
				COPY_PHASE_STRIP = YES;
				ENABLE_NS_ASSERTIONS = NO;
				ENABLE_STRICT_OBJC_MSGSEND = YES;
				GCC_C_LANGUAGE_STANDARD = gnu99;
				GCC_WARN_64_TO_32_BIT_CONVERSION = YES;
				GCC_WARN_ABOUT_RETURN_TYPE = YES_ERROR;
				GCC_WARN_UNDECLARED_SELECTOR = YES;
				GCC_WARN_UNINITIALIZED_AUTOS = YES_AGGRESSIVE;
				GCC_WARN_UNUSED_FUNCTION = YES;
				GCC_WARN_UNUSED_VARIABLE = YES;
				IPHONEOS_DEPLOYMENT_TARGET = 8.0;
				MTL_ENABLE_DEBUG_INFO = NO;
				SDKROOT = iphoneos;
				VALIDATE_PRODUCT = YES;
			};
			name = Release;
		};
		850E845319E19CAA00F4CBFF /* Debug */ = {
			isa = XCBuildConfiguration;
			buildSettings = {
				ASSETCATALOG_COMPILER_APPICON_NAME = AppIcon;
				CODE_SIGN_IDENTITY = "iPhone Developer";
				INFOPLIST_FILE = Hangman/Info.plist;
				IPHONEOS_DEPLOYMENT_TARGET = 7.0;
				LD_RUNPATH_SEARCH_PATHS = "$(inherited) @executable_path/Frameworks";
				PRODUCT_NAME = "$(TARGET_NAME)";
			};
			name = Debug;
		};
		850E845419E19CAA00F4CBFF /* Release */ = {
			isa = XCBuildConfiguration;
			buildSettings = {
				ASSETCATALOG_COMPILER_APPICON_NAME = AppIcon;
				CODE_SIGN_IDENTITY = "iPhone Developer";
				INFOPLIST_FILE = Hangman/Info.plist;
				IPHONEOS_DEPLOYMENT_TARGET = 7.0;
				LD_RUNPATH_SEARCH_PATHS = "$(inherited) @executable_path/Frameworks";
				PRODUCT_NAME = "$(TARGET_NAME)";
			};
			name = Release;
		};
		850E845619E19CAA00F4CBFF /* Debug */ = {
			isa = XCBuildConfiguration;
			buildSettings = {
				BUNDLE_LOADER = "$(TEST_HOST)";
				FRAMEWORK_SEARCH_PATHS = (
					"$(SDKROOT)/Developer/Library/Frameworks",
					"$(inherited)",
				);
				GCC_PREPROCESSOR_DEFINITIONS = (
					"DEBUG=1",
					"$(inherited)",
				);
				INFOPLIST_FILE = HangmanTests/Info.plist;
				LD_RUNPATH_SEARCH_PATHS = "$(inherited) @executable_path/Frameworks @loader_path/Frameworks";
				PRODUCT_NAME = "$(TARGET_NAME)";
				TEST_HOST = "$(BUILT_PRODUCTS_DIR)/Hangman.app/Hangman";
			};
			name = Debug;
		};
		850E845719E19CAA00F4CBFF /* Release */ = {
			isa = XCBuildConfiguration;
			buildSettings = {
				BUNDLE_LOADER = "$(TEST_HOST)";
				FRAMEWORK_SEARCH_PATHS = (
					"$(SDKROOT)/Developer/Library/Frameworks",
					"$(inherited)",
				);
				INFOPLIST_FILE = HangmanTests/Info.plist;
				LD_RUNPATH_SEARCH_PATHS = "$(inherited) @executable_path/Frameworks @loader_path/Frameworks";
				PRODUCT_NAME = "$(TARGET_NAME)";
				TEST_HOST = "$(BUILT_PRODUCTS_DIR)/Hangman.app/Hangman";
			};
			name = Release;
		};
/* End XCBuildConfiguration section */

/* Begin XCConfigurationList section */
		850E842A19E19CAA00F4CBFF /* Build configuration list for PBXProject "Hangman" */ = {
			isa = XCConfigurationList;
			buildConfigurations = (
				850E845019E19CAA00F4CBFF /* Debug */,
				850E845119E19CAA00F4CBFF /* Release */,
			);
			defaultConfigurationIsVisible = 0;
			defaultConfigurationName = Release;
		};
		850E845219E19CAA00F4CBFF /* Build configuration list for PBXNativeTarget "Hangman" */ = {
			isa = XCConfigurationList;
			buildConfigurations = (
				850E845319E19CAA00F4CBFF /* Debug */,
				850E845419E19CAA00F4CBFF /* Release */,
			);
			defaultConfigurationIsVisible = 0;
			defaultConfigurationName = Release;
		};
		850E845519E19CAA00F4CBFF /* Build configuration list for PBXNativeTarget "HangmanTests" */ = {
			isa = XCConfigurationList;
			buildConfigurations = (
				850E845619E19CAA00F4CBFF /* Debug */,
				850E845719E19CAA00F4CBFF /* Release */,
			);
			defaultConfigurationIsVisible = 0;
			defaultConfigurationName = Release;
		};
/* End XCConfigurationList section */
	};
	rootObject = 850E842719E19CAA00F4CBFF /* Project object */;
}
